
Microsoft Visual Studio Solution File, Format Version 12.00
# Visual Studio Version 17
VisualStudioVersion = 17.0.32112.339
MinimumVisualStudioVersion = 10.0.40219.1
Project("{FAE04EC0-301F-11D3-BF4B-00C04F79EFBC}") = "Ex01", "Ex01\Ex01.csproj", "{09696793-8157-4C91-BD77-02232D32CBAF}"
EndProject
Global
	GlobalSection(SolutionConfigurationPlatforms) = preSolution
		Debug|Any CPU = Debug|Any CPU
		Release|Any CPU = Release|Any CPU
	EndGlobalSection
	GlobalSection(ProjectConfigurationPlatforms) = postSolution
		{09696793-8157-4C91-BD77-02232D32CBAF}.Debug|Any CPU.ActiveCfg = Debug|Any CPU
		{09696793-8157-4C91-BD77-02232D32CBAF}.Debug|Any CPU.Build.0 = Debug|Any CPU
		{09696793-8157-4C91-BD77-02232D32CBAF}.Release|Any CPU.ActiveCfg = Release|Any CPU
		{09696793-8157-4C91-BD77-02232D32CBAF}.Release|Any CPU.Build.0 = Release|Any CPU
	EndGlobalSection
	GlobalSection(SolutionProperties) = preSolution
		HideSolutionNode = FALSE
	EndGlobalSection
	GlobalSection(ExtensibilityGlobals) = postSolution
		SolutionGuid = {23B1B9C4-A5FB-40FA-826D-3F209AA21159}
	EndGlobalSection
EndGlobal
