
Microsoft Visual Studio Solution File, Format Version 12.00
# Visual Studio Version 17
VisualStudioVersion = 17.0.32112.339
MinimumVisualStudioVersion = 10.0.40219.1
Project("{FAE04EC0-301F-11D3-BF4B-00C04F79EFBC}") = "CadastroPessoas", "CadastroPessoas\CadastroPessoas.csproj", "{8A7634AC-23DD-4FEB-9047-41B829C4380A}"
EndProject
Global
	GlobalSection(SolutionConfigurationPlatforms) = preSolution
		Debug|Any CPU = Debug|Any CPU
		Release|Any CPU = Release|Any CPU
	EndGlobalSection
	GlobalSection(ProjectConfigurationPlatforms) = postSolution
		{8A7634AC-23DD-4FEB-9047-41B829C4380A}.Debug|Any CPU.ActiveCfg = Debug|Any CPU
		{8A7634AC-23DD-4FEB-9047-41B829C4380A}.Debug|Any CPU.Build.0 = Debug|Any CPU
		{8A7634AC-23DD-4FEB-9047-41B829C4380A}.Release|Any CPU.ActiveCfg = Release|Any CPU
		{8A7634AC-23DD-4FEB-9047-41B829C4380A}.Release|Any CPU.Build.0 = Release|Any CPU
	EndGlobalSection
	GlobalSection(SolutionProperties) = preSolution
		HideSolutionNode = FALSE
	EndGlobalSection
	GlobalSection(ExtensibilityGlobals) = postSolution
		SolutionGuid = {04473BF6-F998-49D2-AEA5-6F6317EE8892}
	EndGlobalSection
EndGlobal
